
Microsoft Visual Studio Solution File, Format Version 12.00
# Visual Studio Version 17
VisualStudioVersion = 17.3.32922.545
MinimumVisualStudioVersion = 10.0.40219.1
Project("{FAE04EC0-301F-11D3-BF4B-00C04F79EFBC}") = "SQL Injector Console", "SQL Injector Console\SQL Injector Console.csproj", "{838578B5-C9EB-4BE9-B94E-1D87BBD99E59}"
EndProject
Global
	GlobalSection(SolutionConfigurationPlatforms) = preSolution
		Debug|Any CPU = Debug|Any CPU
		Release|Any CPU = Release|Any CPU
	EndGlobalSection
	GlobalSection(ProjectConfigurationPlatforms) = postSolution
		{838578B5-C9EB-4BE9-B94E-1D87BBD99E59}.Debug|Any CPU.ActiveCfg = Debug|Any CPU
		{838578B5-C9EB-4BE9-B94E-1D87BBD99E59}.Debug|Any CPU.Build.0 = Debug|Any CPU
		{838578B5-C9EB-4BE9-B94E-1D87BBD99E59}.Release|Any CPU.ActiveCfg = Release|Any CPU
		{838578B5-C9EB-4BE9-B94E-1D87BBD99E59}.Release|Any CPU.Build.0 = Release|Any CPU
	EndGlobalSection
	GlobalSection(SolutionProperties) = preSolution
		HideSolutionNode = FALSE
	EndGlobalSection
	GlobalSection(ExtensibilityGlobals) = postSolution
		SolutionGuid = {B746CA7B-ED45-462B-B3D6-9DE9063E9A08}
	EndGlobalSection
EndGlobal
